schema: '2.0'
stages:
  process:
    cmd: python -c "from flight_predictor.data import load_raw_data; from 
      flight_predictor.features import engineer_features; df = 
      engineer_features(load_raw_data()); 
      df.to_parquet('data/processed/features.parquet', index=False)"
    deps:
    - path: data/raw/flight_data.csv
      hash: md5
      md5: ea995518999e47766c19cedb8b1510bf
      size: 1096473
      isexec: true
    - path: src/flight_predictor/data.py
      hash: md5
      md5: 9c0e7076e567d2b7e3188db2b30a77c2
      size: 2354
    - path: src/flight_predictor/features.py
      hash: md5
      md5: dee21bdaa31669463b0ebbb81823085c
      size: 5947
    outs:
    - path: data/processed/features.parquet
      hash: md5
      md5: 523c51a90ecb4123c3f82b16da2ae191
      size: 204784
  train:
    cmd: flight-train
    deps:
    - path: data/processed/features.parquet
      hash: md5
      md5: 523c51a90ecb4123c3f82b16da2ae191
      size: 204784
    - path: src/flight_predictor/config.py
      hash: md5
      md5: 98704be1f6cba546b14da7fe863eaddd
      size: 2458
    - path: src/flight_predictor/train.py
      hash: md5
      md5: 843fd9d1085ce3ef647170ab181e3f26
      size: 5759
    outs:
    - path: models/model_info.json
      hash: md5
      md5: 9e160ce6469547e48129b59763c6bc9a
      size: 1424
    - path: models/pipeline.joblib
      hash: md5
      md5: 05dc9751bb42c51bb68edfa59b6b8d15
      size: 1328185
    - path: models/preprocessor.joblib
      hash: md5
      md5: 9ff170f823808828a949b3906f09538b
      size: 3958
  export:
    cmd: flight-export
    deps:
    - path: models/pipeline.joblib
      hash: md5
      md5: 8ed0b4b5a68c42062283a476537a6d9f
      size: 1328202
    - path: models/preprocessor.joblib
      hash: md5
      md5: 9ff170f823808828a949b3906f09538b
      size: 3958
    - path: src/flight_predictor/export.py
      hash: md5
      md5: 561d281d858a001f291b9daf415b7a9c
      size: 4127
    outs:
    - path: models/xgb_model.onnx
      hash: md5
      md5: 914aab6750c00d6b4c87e7b85c8d9696
      size: 1052443
