schema: '2.0'
stages:
  process:
    cmd: python -c "from flight_predictor.data import load_raw_data; from 
      flight_predictor.features import engineer_features; df = 
      engineer_features(load_raw_data()); 
      df.to_parquet('data/processed/features.parquet', index=False)"
    deps:
    - path: data/raw/flight_data.csv
      hash: md5
      md5: ea995518999e47766c19cedb8b1510bf
      size: 1096473
      isexec: true
    - path: src/flight_predictor/data.py
      hash: md5
      md5: 905e531086c6e3778e03dafcde5c9fae
      size: 2353
    - path: src/flight_predictor/features.py
      hash: md5
      md5: fdb79a7fc0a7d5ea42fdddf540db1fb3
      size: 5948
    outs:
    - path: data/processed/features.parquet
      hash: md5
      md5: 523c51a90ecb4123c3f82b16da2ae191
      size: 204784
  train:
    cmd: flight-train
    deps:
    - path: data/processed/features.parquet
      hash: md5
      md5: 523c51a90ecb4123c3f82b16da2ae191
      size: 204784
    - path: src/flight_predictor/config.py
      hash: md5
      md5: 9bd7e55f0dc38f4578cdda6ed74e64b5
      size: 2443
    - path: src/flight_predictor/train.py
      hash: md5
      md5: 14659ce282f74529bb637261b73b3cbb
      size: 5695
    outs:
    - path: models/model_info.json
      hash: md5
      md5: 927218e31b7515bc01966cbea69256c7
      size: 1424
    - path: models/pipeline.joblib
      hash: md5
      md5: 0cea07af60abd33d16f08ccb629bb521
      size: 1328185
    - path: models/preprocessor.joblib
      hash: md5
      md5: da98b06f14f7ec2e6394d693c7f99c05
      size: 3958
  export:
    cmd: flight-export
    deps:
    - path: models/pipeline.joblib
      hash: md5
      md5: 0cea07af60abd33d16f08ccb629bb521
      size: 1328185
    - path: models/preprocessor.joblib
      hash: md5
      md5: da98b06f14f7ec2e6394d693c7f99c05
      size: 3958
    - path: src/flight_predictor/export.py
      hash: md5
      md5: 5fbdfc564a4d8f88f7f30f950baa4f10
      size: 4531
    outs:
    - path: models/xgb_model.onnx
      hash: md5
      md5: 4a17cf8ffb5a1557550b7386bbc337d5
      size: 1052443
